
Microsoft Visual Studio Solution File, Format Version 12.00
# Visual Studio Version 17
VisualStudioVersion = 17.11.35327.3
MinimumVisualStudioVersion = 10.0.40219.1
Project("{FAE04EC0-301F-11D3-BF4B-00C04F79EFBC}") = "AuthCrud", "AuthCrud\AuthCrud.csproj", "{10903BFA-DD90-4964-867A-7D027BF4520B}"
EndProject
Global
	GlobalSection(SolutionConfigurationPlatforms) = preSolution
		Debug|Any CPU = Debug|Any CPU
		Release|Any CPU = Release|Any CPU
	EndGlobalSection
	GlobalSection(ProjectConfigurationPlatforms) = postSolution
		{10903BFA-DD90-4964-867A-7D027BF4520B}.Debug|Any CPU.ActiveCfg = Debug|Any CPU
		{10903BFA-DD90-4964-867A-7D027BF4520B}.Debug|Any CPU.Build.0 = Debug|Any CPU
		{10903BFA-DD90-4964-867A-7D027BF4520B}.Release|Any CPU.ActiveCfg = Release|Any CPU
		{10903BFA-DD90-4964-867A-7D027BF4520B}.Release|Any CPU.Build.0 = Release|Any CPU
	EndGlobalSection
	GlobalSection(SolutionProperties) = preSolution
		HideSolutionNode = FALSE
	EndGlobalSection
	GlobalSection(ExtensibilityGlobals) = postSolution
		SolutionGuid = {2DF89A0E-2576-461D-BBCC-CF2E2F4E6F56}
	EndGlobalSection
EndGlobal
